
Microsoft Visual Studio Solution File, Format Version 12.00
# Visual Studio Version 17
VisualStudioVersion = 17.7.34003.232
MinimumVisualStudioVersion = 10.0.40219.1
Project("{2150E333-8FDC-42A3-9474-1A3956D46DE8}") = "01.Presentation", "01.Presentation", "{25F57846-38D8-4EE1-A0E5-67A36132BBC4}"
EndProject
Project("{2150E333-8FDC-42A3-9474-1A3956D46DE8}") = "02.Application", "02.Application", "{ED4DCC34-1CDC-42D7-9CFB-3807AF3B2FC8}"
EndProject
Project("{2150E333-8FDC-42A3-9474-1A3956D46DE8}") = "03.Data", "03.Data", "{0EC9F79D-A91B-4137-8C71-88C3087DCD7F}"
EndProject
Project("{FAE04EC0-301F-11D3-BF4B-00C04F79EFBC}") = "Tier_Architecture.Data", "Tier_Architecture.Data\Tier_Architecture.Data.csproj", "{5AAEC7F5-3613-44AA-ACBB-0F5848B926ED}"
EndProject
Project("{FAE04EC0-301F-11D3-BF4B-00C04F79EFBC}") = "Tier_Architecture.Application", "Tier_Architecture.Application\Tier_Architecture.Application.csproj", "{4D76396E-C7CE-4B7B-8799-A18F50AFFFAF}"
EndProject
Project("{FAE04EC0-301F-11D3-BF4B-00C04F79EFBC}") = "Tier_Architecture.Presentation.Api", "Tier_Architecture.Presentation.Api\Tier_Architecture.Presentation.Api.csproj", "{F2CFAD78-F12E-4510-9DA9-30C5864F8E22}"
EndProject
Global
	GlobalSection(SolutionConfigurationPlatforms) = preSolution
		Debug|Any CPU = Debug|Any CPU
		Release|Any CPU = Release|Any CPU
	EndGlobalSection
	GlobalSection(ProjectConfigurationPlatforms) = postSolution
		{5AAEC7F5-3613-44AA-ACBB-0F5848B926ED}.Debug|Any CPU.ActiveCfg = Debug|Any CPU
		{5AAEC7F5-3613-44AA-ACBB-0F5848B926ED}.Debug|Any CPU.Build.0 = Debug|Any CPU
		{5AAEC7F5-3613-44AA-ACBB-0F5848B926ED}.Release|Any CPU.ActiveCfg = Release|Any CPU
		{5AAEC7F5-3613-44AA-ACBB-0F5848B926ED}.Release|Any CPU.Build.0 = Release|Any CPU
		{4D76396E-C7CE-4B7B-8799-A18F50AFFFAF}.Debug|Any CPU.ActiveCfg = Debug|Any CPU
		{4D76396E-C7CE-4B7B-8799-A18F50AFFFAF}.Debug|Any CPU.Build.0 = Debug|Any CPU
		{4D76396E-C7CE-4B7B-8799-A18F50AFFFAF}.Release|Any CPU.ActiveCfg = Release|Any CPU
		{4D76396E-C7CE-4B7B-8799-A18F50AFFFAF}.Release|Any CPU.Build.0 = Release|Any CPU
		{F2CFAD78-F12E-4510-9DA9-30C5864F8E22}.Debug|Any CPU.ActiveCfg = Debug|Any CPU
		{F2CFAD78-F12E-4510-9DA9-30C5864F8E22}.Debug|Any CPU.Build.0 = Debug|Any CPU
		{F2CFAD78-F12E-4510-9DA9-30C5864F8E22}.Release|Any CPU.ActiveCfg = Release|Any CPU
		{F2CFAD78-F12E-4510-9DA9-30C5864F8E22}.Release|Any CPU.Build.0 = Release|Any CPU
	EndGlobalSection
	GlobalSection(SolutionProperties) = preSolution
		HideSolutionNode = FALSE
	EndGlobalSection
	GlobalSection(NestedProjects) = preSolution
		{5AAEC7F5-3613-44AA-ACBB-0F5848B926ED} = {0EC9F79D-A91B-4137-8C71-88C3087DCD7F}
		{4D76396E-C7CE-4B7B-8799-A18F50AFFFAF} = {ED4DCC34-1CDC-42D7-9CFB-3807AF3B2FC8}
		{F2CFAD78-F12E-4510-9DA9-30C5864F8E22} = {25F57846-38D8-4EE1-A0E5-67A36132BBC4}
	EndGlobalSection
	GlobalSection(ExtensibilityGlobals) = postSolution
		SolutionGuid = {86FED612-79DA-468F-B3CF-AD5C574B32EA}
	EndGlobalSection
EndGlobal
